
Microsoft Visual Studio Solution File, Format Version 12.00
# Visual Studio Version 16
VisualStudioVersion = 16.0.31613.86
MinimumVisualStudioVersion = 10.0.40219.1
Project("{FAE04EC0-301F-11D3-BF4B-00C04F79EFBC}") = "Dapperdemo", "Dapperdemo\Dapperdemo.csproj", "{1875E416-C221-42A2-9EBB-D3394047F6C5}"
EndProject
Global
	GlobalSection(SolutionConfigurationPlatforms) = preSolution
		Debug|Any CPU = Debug|Any CPU
		Release|Any CPU = Release|Any CPU
	EndGlobalSection
	GlobalSection(ProjectConfigurationPlatforms) = postSolution
		{1875E416-C221-42A2-9EBB-D3394047F6C5}.Debug|Any CPU.ActiveCfg = Debug|Any CPU
		{1875E416-C221-42A2-9EBB-D3394047F6C5}.Debug|Any CPU.Build.0 = Debug|Any CPU
		{1875E416-C221-42A2-9EBB-D3394047F6C5}.Release|Any CPU.ActiveCfg = Release|Any CPU
		{1875E416-C221-42A2-9EBB-D3394047F6C5}.Release|Any CPU.Build.0 = Release|Any CPU
	EndGlobalSection
	GlobalSection(SolutionProperties) = preSolution
		HideSolutionNode = FALSE
	EndGlobalSection
	GlobalSection(ExtensibilityGlobals) = postSolution
		SolutionGuid = {EBA93848-7166-47BB-A17A-DE046812DFEA}
	EndGlobalSection
EndGlobal
